
Microsoft Visual Studio Solution File, Format Version 12.00
# Visual Studio Version 17
VisualStudioVersion = 17.14.36310.24 d17.14
MinimumVisualStudioVersion = 10.0.40219.1
Project("{54A90642-561A-4BB1-A94E-469ADEE60C69}") = "formbuilder.client", "formbuilder.client\formbuilder.client.esproj", "{4202B12A-CA7C-43B5-CF1D-D4BD20B75BB9}"
EndProject
Project("{FAE04EC0-301F-11D3-BF4B-00C04F79EFBC}") = "FormBuilder.Server", "FormBuilder.Server\FormBuilder.Server.csproj", "{536AD2B2-5C0E-4B86-871E-0C1296E9180A}"
EndProject
Global
	GlobalSection(SolutionConfigurationPlatforms) = preSolution
		Debug|Any CPU = Debug|Any CPU
		Release|Any CPU = Release|Any CPU
	EndGlobalSection
	GlobalSection(ProjectConfigurationPlatforms) = postSolution
		{4202B12A-CA7C-43B5-CF1D-D4BD20B75BB9}.Debug|Any CPU.ActiveCfg = Debug|Any CPU
		{4202B12A-CA7C-43B5-CF1D-D4BD20B75BB9}.Debug|Any CPU.Build.0 = Debug|Any CPU
		{4202B12A-CA7C-43B5-CF1D-D4BD20B75BB9}.Debug|Any CPU.Deploy.0 = Debug|Any CPU
		{4202B12A-CA7C-43B5-CF1D-D4BD20B75BB9}.Release|Any CPU.ActiveCfg = Release|Any CPU
		{4202B12A-CA7C-43B5-CF1D-D4BD20B75BB9}.Release|Any CPU.Build.0 = Release|Any CPU
		{4202B12A-CA7C-43B5-CF1D-D4BD20B75BB9}.Release|Any CPU.Deploy.0 = Release|Any CPU
		{536AD2B2-5C0E-4B86-871E-0C1296E9180A}.Debug|Any CPU.ActiveCfg = Debug|Any CPU
		{536AD2B2-5C0E-4B86-871E-0C1296E9180A}.Debug|Any CPU.Build.0 = Debug|Any CPU
		{536AD2B2-5C0E-4B86-871E-0C1296E9180A}.Release|Any CPU.ActiveCfg = Release|Any CPU
		{536AD2B2-5C0E-4B86-871E-0C1296E9180A}.Release|Any CPU.Build.0 = Release|Any CPU
	EndGlobalSection
	GlobalSection(SolutionProperties) = preSolution
		HideSolutionNode = FALSE
	EndGlobalSection
	GlobalSection(ExtensibilityGlobals) = postSolution
		SolutionGuid = {BBDFF979-865A-490B-BAF5-385A6ED75D7D}
	EndGlobalSection
EndGlobal
